[root]
name = "osmium"
version = "0.0.1"
dependencies = [
 "capnp 0.1.0 (git+https://github.com/dwrensha/capnproto-rust.git#38a378bd59dd0e6cd731c2c07c4e44806e387f2d)",
 "nanomsg 0.1.0 (git+https://github.com/thehydroimpulse/nanomsg.rs.git#9f43486122b31e0077d5a56da9057b2cb38542aa)",
 "sodiumoxide 0.0.0 (git+http://github.com/dnaq/sodiumoxide.git#571ff99bab6923efec7ca9a4f7c85dc7500215c8)",
]

[[package]]
name = "capnp"
version = "0.1.0"
source = "git+https://github.com/dwrensha/capnproto-rust.git#38a378bd59dd0e6cd731c2c07c4e44806e387f2d"

[[package]]
name = "nanomsg"
version = "0.1.0"
source = "git+https://github.com/thehydroimpulse/nanomsg.rs.git#9f43486122b31e0077d5a56da9057b2cb38542aa"

[[package]]
name = "sodiumoxide"
version = "0.0.0"
source = "git+http://github.com/dnaq/sodiumoxide.git#571ff99bab6923efec7ca9a4f7c85dc7500215c8"

